// !$*UTF8*$!
{
	archiveVersion = 1;
	classes = {
	};
	objectVersion = 56;
	objects = {

/* Begin PBXBuildFile section */
		97B3EA39AF4625F5B2D18C2D /* libPods-PeerReviw04.a in Frameworks */ = {isa = PBXBuildFile; fileRef = F87AB5B8D7A57AB6B28C7627 /* libPods-PeerReviw04.a */; };
		B79074F72BE2146700A44DC3 /* AppDelegate.m in Sources */ = {isa = PBXBuildFile; fileRef = B79074F62BE2146700A44DC3 /* AppDelegate.m */; };
		B79074FA2BE2146700A44DC3 /* SceneDelegate.m in Sources */ = {isa = PBXBuildFile; fileRef = B79074F92BE2146700A44DC3 /* SceneDelegate.m */; };
		B79074FD2BE2146700A44DC3 /* ViewController.m in Sources */ = {isa = PBXBuildFile; fileRef = B79074FC2BE2146700A44DC3 /* ViewController.m */; };
		B79075002BE2146700A44DC3 /* Base in Resources */ = {isa = PBXBuildFile; fileRef = B79074FF2BE2146700A44DC3 /* Base */; };
		B79075022BE2146900A44DC3 /* Assets.xcassets in Resources */ = {isa = PBXBuildFile; fileRef = B79075012BE2146900A44DC3 /* Assets.xcassets */; };
		B79075052BE2146900A44DC3 /* Base in Resources */ = {isa = PBXBuildFile; fileRef = B79075042BE2146900A44DC3 /* Base */; };
		B79075082BE2146900A44DC3 /* main.m in Sources */ = {isa = PBXBuildFile; fileRef = B79075072BE2146900A44DC3 /* main.m */; };
/* End PBXBuildFile section */

/* Begin PBXFileReference section */
		B79074F22BE2146700A44DC3 /* PeerReviw04.app */ = {isa = PBXFileReference; explicitFileType = wrapper.application; includeInIndex = 0; path = PeerReviw04.app; sourceTree = BUILT_PRODUCTS_DIR; };
		B79074F52BE2146700A44DC3 /* AppDelegate.h */ = {isa = PBXFileReference; lastKnownFileType = sourcecode.c.h; path = AppDelegate.h; sourceTree = "<group>"; };
		B79074F62BE2146700A44DC3 /* AppDelegate.m */ = {isa = PBXFileReference; lastKnownFileType = sourcecode.c.objc; path = AppDelegate.m; sourceTree = "<group>"; };
		B79074F82BE2146700A44DC3 /* SceneDelegate.h */ = {isa = PBXFileReference; lastKnownFileType = sourcecode.c.h; path = SceneDelegate.h; sourceTree = "<group>"; };
		B79074F92BE2146700A44DC3 /* SceneDelegate.m */ = {isa = PBXFileReference; lastKnownFileType = sourcecode.c.objc; path = SceneDelegate.m; sourceTree = "<group>"; };
		B79074FB2BE2146700A44DC3 /* ViewController.h */ = {isa = PBXFileReference; lastKnownFileType = sourcecode.c.h; path = ViewController.h; sourceTree = "<group>"; };
		B79074FC2BE2146700A44DC3 /* ViewController.m */ = {isa = PBXFileReference; lastKnownFileType = sourcecode.c.objc; path = ViewController.m; sourceTree = "<group>"; };
		B79074FF2BE2146700A44DC3 /* Base */ = {isa = PBXFileReference; lastKnownFileType = file.storyboard; name = Base; path = Base.lproj/Main.storyboard; sourceTree = "<group>"; };
		B79075012BE2146900A44DC3 /* Assets.xcassets */ = {isa = PBXFileReference; lastKnownFileType = folder.assetcatalog; path = Assets.xcassets; sourceTree = "<group>"; };
		B79075042BE2146900A44DC3 /* Base */ = {isa = PBXFileReference; lastKnownFileType = file.storyboard; name = Base; path = Base.lproj/LaunchScreen.storyboard; sourceTree = "<group>"; };
		B79075062BE2146900A44DC3 /* Info.plist */ = {isa = PBXFileReference; lastKnownFileType = text.plist.xml; path = Info.plist; sourceTree = "<group>"; };
		B79075072BE2146900A44DC3 /* main.m */ = {isa = PBXFileReference; lastKnownFileType = sourcecode.c.objc; path = main.m; sourceTree = "<group>"; };
		E03D000B5430468C4915D975 /* Pods-PeerReviw04.release.xcconfig */ = {isa = PBXFileReference; includeInIndex = 1; lastKnownFileType = text.xcconfig; name = "Pods-PeerReviw04.release.xcconfig"; path = "Target Support Files/Pods-PeerReviw04/Pods-PeerReviw04.release.xcconfig"; sourceTree = "<group>"; };
		E16D41C7D5A46B1EFC64FCDA /* Pods-PeerReviw04.debug.xcconfig */ = {isa = PBXFileReference; includeInIndex = 1; lastKnownFileType = text.xcconfig; name = "Pods-PeerReviw04.debug.xcconfig"; path = "Target Support Files/Pods-PeerReviw04/Pods-PeerReviw04.debug.xcconfig"; sourceTree = "<group>"; };
		F87AB5B8D7A57AB6B28C7627 /* libPods-PeerReviw04.a */ = {isa = PBXFileReference; explicitFileType = archive.ar; includeInIndex = 0; path = "libPods-PeerReviw04.a"; sourceTree = BUILT_PRODUCTS_DIR; };
/* End PBXFileReference section */

/* Begin PBXFrameworksBuildPhase section */
		B79074EF2BE2146700A44DC3 /* Frameworks */ = {
			isa = PBXFrameworksBuildPhase;
			buildActionMask = 2147483647;
			files = (
				97B3EA39AF4625F5B2D18C2D /* libPods-PeerReviw04.a in Frameworks */,
			);
			runOnlyForDeploymentPostprocessing = 0;
		};
/* End PBXFrameworksBuildPhase section */

/* Begin PBXGroup section */
		425883A97E770716EC0B1EC5 /* Pods */ = {
			isa = PBXGroup;
			children = (
				E16D41C7D5A46B1EFC64FCDA /* Pods-PeerReviw04.debug.xcconfig */,
				E03D000B5430468C4915D975 /* Pods-PeerReviw04.release.xcconfig */,
			);
			name = Pods;
			path = Pods;
			sourceTree = "<group>";
		};
		8492BAC06344E9D50DC83576 /* Frameworks */ = {
			isa = PBXGroup;
			children = (
				F87AB5B8D7A57AB6B28C7627 /* libPods-PeerReviw04.a */,
			);
			name = Frameworks;
			sourceTree = "<group>";
		};
		B79074E92BE2146700A44DC3 = {
			isa = PBXGroup;
			children = (
				B79074F42BE2146700A44DC3 /* PeerReviw04 */,
				B79074F32BE2146700A44DC3 /* Products */,
				425883A97E770716EC0B1EC5 /* Pods */,
				8492BAC06344E9D50DC83576 /* Frameworks */,
			);
			sourceTree = "<group>";
		};
		B79074F32BE2146700A44DC3 /* Products */ = {
			isa = PBXGroup;
			children = (
				B79074F22BE2146700A44DC3 /* PeerReviw04.app */,
			);
			name = Products;
			sourceTree = "<group>";
		};
		B79074F42BE2146700A44DC3 /* PeerReviw04 */ = {
			isa = PBXGroup;
			children = (
				B79074F52BE2146700A44DC3 /* AppDelegate.h */,
				B79074F62BE2146700A44DC3 /* AppDelegate.m */,
				B79074F82BE2146700A44DC3 /* SceneDelegate.h */,
				B79074F92BE2146700A44DC3 /* SceneDelegate.m */,
				B79074FB2BE2146700A44DC3 /* ViewController.h */,
				B79074FC2BE2146700A44DC3 /* ViewController.m */,
				B79074FE2BE2146700A44DC3 /* Main.storyboard */,
				B79075012BE2146900A44DC3 /* Assets.xcassets */,
				B79075032BE2146900A44DC3 /* LaunchScreen.storyboard */,
				B79075062BE2146900A44DC3 /* Info.plist */,
				B79075072BE2146900A44DC3 /* main.m */,
			);
			path = PeerReviw04;
			sourceTree = "<group>";
		};
/* End PBXGroup section */

/* Begin PBXNativeTarget section */
		B79074F12BE2146700A44DC3 /* PeerReviw04 */ = {
			isa = PBXNativeTarget;
			buildConfigurationList = B790750B2BE2146900A44DC3 /* Build configuration list for PBXNativeTarget "PeerReviw04" */;
			buildPhases = (
				391C07A8F500FBAE7FCB0ACC /* [CP] Check Pods Manifest.lock */,
				B79074EE2BE2146700A44DC3 /* Sources */,
				B79074EF2BE2146700A44DC3 /* Frameworks */,
				B79074F02BE2146700A44DC3 /* Resources */,
			);
			buildRules = (
			);
			dependencies = (
			);
			name = PeerReviw04;
			productName = PeerReviw04;
			productReference = B79074F22BE2146700A44DC3 /* PeerReviw04.app */;
			productType = "com.apple.product-type.application";
		};
/* End PBXNativeTarget section */

/* Begin PBXProject section */
		B79074EA2BE2146700A44DC3 /* Project object */ = {
			isa = PBXProject;
			attributes = {
				BuildIndependentTargetsInParallel = 1;
				LastUpgradeCheck = 1530;
				TargetAttributes = {
					B79074F12BE2146700A44DC3 = {
						CreatedOnToolsVersion = 15.3;
					};
				};
			};
			buildConfigurationList = B79074ED2BE2146700A44DC3 /* Build configuration list for PBXProject "PeerReviw04" */;
			compatibilityVersion = "Xcode 14.0";
			developmentRegion = en;
			hasScannedForEncodings = 0;
			knownRegions = (
				en,
				Base,
			);
			mainGroup = B79074E92BE2146700A44DC3;
			productRefGroup = B79074F32BE2146700A44DC3 /* Products */;
			projectDirPath = "";
			projectRoot = "";
			targets = (
				B79074F12BE2146700A44DC3 /* PeerReviw04 */,
			);
		};
/* End PBXProject section */

/* Begin PBXResourcesBuildPhase section */
		B79074F02BE2146700A44DC3 /* Resources */ = {
			isa = PBXResourcesBuildPhase;
			buildActionMask = 2147483647;
			files = (
				B79075022BE2146900A44DC3 /* Assets.xcassets in Resources */,
				B79075052BE2146900A44DC3 /* Base in Resources */,
				B79075002BE2146700A44DC3 /* Base in Resources */,
			);
			runOnlyForDeploymentPostprocessing = 0;
		};
/* End PBXResourcesBuildPhase section */

/* Begin PBXShellScriptBuildPhase section */
		391C07A8F500FBAE7FCB0ACC /* [CP] Check Pods Manifest.lock */ = {
			isa = PBXShellScriptBuildPhase;
			buildActionMask = 2147483647;
			files = (
			);
			inputFileListPaths = (
			);
			inputPaths = (
				"${PODS_PODFILE_DIR_PATH}/Podfile.lock",
				"${PODS_ROOT}/Manifest.lock",
			);
			name = "[CP] Check Pods Manifest.lock";
			outputFileListPaths = (
			);
			outputPaths = (
				"$(DERIVED_FILE_DIR)/Pods-PeerReviw04-checkManifestLockResult.txt",
			);
			runOnlyForDeploymentPostprocessing = 0;
			shellPath = /bin/sh;
			shellScript = "diff \"${PODS_PODFILE_DIR_PATH}/Podfile.lock\" \"${PODS_ROOT}/Manifest.lock\" > /dev/null\nif [ $? != 0 ] ; then\n    # print error to STDERR\n    echo \"error: The sandbox is not in sync with the Podfile.lock. Run 'pod install' or update your CocoaPods installation.\" >&2\n    exit 1\nfi\n# This output is used by Xcode 'outputs' to avoid re-running this script phase.\necho \"SUCCESS\" > \"${SCRIPT_OUTPUT_FILE_0}\"\n";
			showEnvVarsInLog = 0;
		};
/* End PBXShellScriptBuildPhase section */

/* Begin PBXSourcesBuildPhase section */
		B79074EE2BE2146700A44DC3 /* Sources */ = {
			isa = PBXSourcesBuildPhase;
			buildActionMask = 2147483647;
			files = (
				B79074FD2BE2146700A44DC3 /* ViewController.m in Sources */,
				B79074F72BE2146700A44DC3 /* AppDelegate.m in Sources */,
				B79075082BE2146900A44DC3 /* main.m in Sources */,
				B79074FA2BE2146700A44DC3 /* SceneDelegate.m in Sources */,
			);
			runOnlyForDeploymentPostprocessing = 0;
		};
/* End PBXSourcesBuildPhase section */

/* Begin PBXVariantGroup section */
		B79074FE2BE2146700A44DC3 /* Main.storyboard */ = {
			isa = PBXVariantGroup;
			children = (
				B79074FF2BE2146700A44DC3 /* Base */,
			);
			name = Main.storyboard;
			sourceTree = "<group>";
		};
		B79075032BE2146900A44DC3 /* LaunchScreen.storyboard */ = {
			isa = PBXVariantGroup;
			children = (
				B79075042BE2146900A44DC3 /* Base */,
			);
			name = LaunchScreen.storyboard;
			sourceTree = "<group>";
		};
/* End PBXVariantGroup section */

/* Begin XCBuildConfiguration section */
		B79075092BE2146900A44DC3 /* Debug */ = {
			isa = XCBuildConfiguration;
			buildSettings = {
				ALWAYS_SEARCH_USER_PATHS = NO;
				ASSETCATALOG_COMPILER_GENERATE_SWIFT_ASSET_SYMBOL_EXTENSIONS = YES;
				CLANG_ANALYZER_NONNULL = YES;
				CLANG_ANALYZER_NUMBER_OBJECT_CONVERSION = YES_AGGRESSIVE;
				CLANG_CXX_LANGUAGE_STANDARD = "gnu++20";
				CLANG_ENABLE_MODULES = YES;
				CLANG_ENABLE_OBJC_ARC = YES;
				CLANG_ENABLE_OBJC_WEAK = YES;
				CLANG_WARN_BLOCK_CAPTURE_AUTORELEASING = YES;
				CLANG_WARN_BOOL_CONVERSION = YES;
				CLANG_WARN_COMMA = YES;
				CLANG_WARN_CONSTANT_CONVERSION = YES;
				CLANG_WARN_DEPRECATED_OBJC_IMPLEMENTATIONS = YES;
				CLANG_WARN_DIRECT_OBJC_ISA_USAGE = YES_ERROR;
				CLANG_WARN_DOCUMENTATION_COMMENTS = YES;
				CLANG_WARN_EMPTY_BODY = YES;
				CLANG_WARN_ENUM_CONVERSION = YES;
				CLANG_WARN_INFINITE_RECURSION = YES;
				CLANG_WARN_INT_CONVERSION = YES;
				CLANG_WARN_NON_LITERAL_NULL_CONVERSION = YES;
				CLANG_WARN_OBJC_IMPLICIT_RETAIN_SELF = YES;
				CLANG_WARN_OBJC_LITERAL_CONVERSION = YES;
				CLANG_WARN_OBJC_ROOT_CLASS = YES_ERROR;
				CLANG_WARN_QUOTED_INCLUDE_IN_FRAMEWORK_HEADER = YES;
				CLANG_WARN_RANGE_LOOP_ANALYSIS = YES;
				CLANG_WARN_STRICT_PROTOTYPES = YES;
				CLANG_WARN_SUSPICIOUS_MOVE = YES;
				CLANG_WARN_UNGUARDED_AVAILABILITY = YES_AGGRESSIVE;
				CLANG_WARN_UNREACHABLE_CODE = YES;
				CLANG_WARN__DUPLICATE_METHOD_MATCH = YES;
				COPY_PHASE_STRIP = NO;
				DEBUG_INFORMATION_FORMAT = dwarf;
				ENABLE_STRICT_OBJC_MSGSEND = YES;
				ENABLE_TESTABILITY = YES;
				ENABLE_USER_SCRIPT_SANDBOXING = YES;
				GCC_C_LANGUAGE_STANDARD = gnu17;
				GCC_DYNAMIC_NO_PIC = NO;
				GCC_NO_COMMON_BLOCKS = YES;
				GCC_OPTIMIZATION_LEVEL = 0;
				GCC_PREPROCESSOR_DEFINITIONS = (
					"DEBUG=1",
					"$(inherited)",
				);
				GCC_WARN_64_TO_32_BIT_CONVERSION = YES;
				GCC_WARN_ABOUT_RETURN_TYPE = YES_ERROR;
				GCC_WARN_UNDECLARED_SELECTOR = YES;
				GCC_WARN_UNINITIALIZED_AUTOS = YES_AGGRESSIVE;
				GCC_WARN_UNUSED_FUNCTION = YES;
				GCC_WARN_UNUSED_VARIABLE = YES;
				IPHONEOS_DEPLOYMENT_TARGET = 17.4;
				LOCALIZATION_PREFERS_STRING_CATALOGS = YES;
				MTL_ENABLE_DEBUG_INFO = INCLUDE_SOURCE;
				MTL_FAST_MATH = YES;
				ONLY_ACTIVE_ARCH = YES;
				SDKROOT = iphoneos;
			};
			name = Debug;
		};
		B790750A2BE2146900A44DC3 /* Release */ = {
			isa = XCBuildConfiguration;
			buildSettings = {
				ALWAYS_SEARCH_USER_PATHS = NO;
				ASSETCATALOG_COMPILER_GENERATE_SWIFT_ASSET_SYMBOL_EXTENSIONS = YES;
				CLANG_ANALYZER_NONNULL = YES;
				CLANG_ANALYZER_NUMBER_OBJECT_CONVERSION = YES_AGGRESSIVE;
				CLANG_CXX_LANGUAGE_STANDARD = "gnu++20";
				CLANG_ENABLE_MODULES = YES;
				CLANG_ENABLE_OBJC_ARC = YES;
				CLANG_ENABLE_OBJC_WEAK = YES;
				CLANG_WARN_BLOCK_CAPTURE_AUTORELEASING = YES;
				CLANG_WARN_BOOL_CONVERSION = YES;
				CLANG_WARN_COMMA = YES;
				CLANG_WARN_CONSTANT_CONVERSION = YES;
				CLANG_WARN_DEPRECATED_OBJC_IMPLEMENTATIONS = YES;
				CLANG_WARN_DIRECT_OBJC_ISA_USAGE = YES_ERROR;
				CLANG_WARN_DOCUMENTATION_COMMENTS = YES;
				CLANG_WARN_EMPTY_BODY = YES;
				CLANG_WARN_ENUM_CONVERSION = YES;
				CLANG_WARN_INFINITE_RECURSION = YES;
				CLANG_WARN_INT_CONVERSION = YES;
				CLANG_WARN_NON_LITERAL_NULL_CONVERSION = YES;
				CLANG_WARN_OBJC_IMPLICIT_RETAIN_SELF = YES;
				CLANG_WARN_OBJC_LITERAL_CONVERSION = YES;
				CLANG_WARN_OBJC_ROOT_CLASS = YES_ERROR;
				CLANG_WARN_QUOTED_INCLUDE_IN_FRAMEWORK_HEADER = YES;
				CLANG_WARN_RANGE_LOOP_ANALYSIS = YES;
				CLANG_WARN_STRICT_PROTOTYPES = YES;
				CLANG_WARN_SUSPICIOUS_MOVE = YES;
				CLANG_WARN_UNGUARDED_AVAILABILITY = YES_AGGRESSIVE;
				CLANG_WARN_UNREACHABLE_CODE = YES;
				CLANG_WARN__DUPLICATE_METHOD_MATCH = YES;
				COPY_PHASE_STRIP = NO;
				DEBUG_INFORMATION_FORMAT = "dwarf-with-dsym";
				ENABLE_NS_ASSERTIONS = NO;
				ENABLE_STRICT_OBJC_MSGSEND = YES;
				ENABLE_USER_SCRIPT_SANDBOXING = YES;
				GCC_C_LANGUAGE_STANDARD = gnu17;
				GCC_NO_COMMON_BLOCKS = YES;
				GCC_WARN_64_TO_32_BIT_CONVERSION = YES;
				GCC_WARN_ABOUT_RETURN_TYPE = YES_ERROR;
				GCC_WARN_UNDECLARED_SELECTOR = YES;
				GCC_WARN_UNINITIALIZED_AUTOS = YES_AGGRESSIVE;
				GCC_WARN_UNUSED_FUNCTION = YES;
				GCC_WARN_UNUSED_VARIABLE = YES;
				IPHONEOS_DEPLOYMENT_TARGET = 17.4;
				LOCALIZATION_PREFERS_STRING_CATALOGS = YES;
				MTL_ENABLE_DEBUG_INFO = NO;
				MTL_FAST_MATH = YES;
				SDKROOT = iphoneos;
				VALIDATE_PRODUCT = YES;
			};
			name = Release;
		};
		B790750C2BE2146900A44DC3 /* Debug */ = {
			isa = XCBuildConfiguration;
			baseConfigurationReference = E16D41C7D5A46B1EFC64FCDA /* Pods-PeerReviw04.debug.xcconfig */;
			buildSettings = {
				ASSETCATALOG_COMPILER_APPICON_NAME = AppIcon;
				ASSETCATALOG_COMPILER_GLOBAL_ACCENT_COLOR_NAME = AccentColor;
				CODE_SIGN_STYLE = Automatic;
				CURRENT_PROJECT_VERSION = 1;
				GENERATE_INFOPLIST_FILE = YES;
				INFOPLIST_FILE = PeerReviw04/Info.plist;
				INFOPLIST_KEY_UIApplicationSupportsIndirectInputEvents = YES;
				INFOPLIST_KEY_UILaunchStoryboardName = LaunchScreen;
				INFOPLIST_KEY_UIMainStoryboardFile = Main;
				INFOPLIST_KEY_UISupportedInterfaceOrientations_iPad = "UIInterfaceOrientationPortrait UIInterfaceOrientationPortraitUpsideDown UIInterfaceOrientationLandscapeLeft UIInterfaceOrientationLandscapeRight";
				INFOPLIST_KEY_UISupportedInterfaceOrientations_iPhone = "UIInterfaceOrientationPortrait UIInterfaceOrientationLandscapeLeft UIInterfaceOrientationLandscapeRight";
				LD_RUNPATH_SEARCH_PATHS = (
					"$(inherited)",
					"@executable_path/Frameworks",
				);
				MARKETING_VERSION = 1.0;
				PRODUCT_BUNDLE_IDENTIFIER = aap.org.PeerReviw04;
				PRODUCT_NAME = "$(TARGET_NAME)";
				SWIFT_EMIT_LOC_STRINGS = YES;
				TARGETED_DEVICE_FAMILY = "1,2";
			};
			name = Debug;
		};
		B790750D2BE2146900A44DC3 /* Release */ = {
			isa = XCBuildConfiguration;
			baseConfigurationReference = E03D000B5430468C4915D975 /* Pods-PeerReviw04.release.xcconfig */;
			buildSettings = {
				ASSETCATALOG_COMPILER_APPICON_NAME = AppIcon;
				ASSETCATALOG_COMPILER_GLOBAL_ACCENT_COLOR_NAME = AccentColor;
				CODE_SIGN_STYLE = Automatic;
				CURRENT_PROJECT_VERSION = 1;
				GENERATE_INFOPLIST_FILE = YES;
				INFOPLIST_FILE = PeerReviw04/Info.plist;
				INFOPLIST_KEY_UIApplicationSupportsIndirectInputEvents = YES;
				INFOPLIST_KEY_UILaunchStoryboardName = LaunchScreen;
				INFOPLIST_KEY_UIMainStoryboardFile = Main;
				INFOPLIST_KEY_UISupportedInterfaceOrientations_iPad = "UIInterfaceOrientationPortrait UIInterfaceOrientationPortraitUpsideDown UIInterfaceOrientationLandscapeLeft UIInterfaceOrientationLandscapeRight";
				INFOPLIST_KEY_UISupportedInterfaceOrientations_iPhone = "UIInterfaceOrientationPortrait UIInterfaceOrientationLandscapeLeft UIInterfaceOrientationLandscapeRight";
				LD_RUNPATH_SEARCH_PATHS = (
					"$(inherited)",
					"@executable_path/Frameworks",
				);
				MARKETING_VERSION = 1.0;
				PRODUCT_BUNDLE_IDENTIFIER = aap.org.PeerReviw04;
				PRODUCT_NAME = "$(TARGET_NAME)";
				SWIFT_EMIT_LOC_STRINGS = YES;
				TARGETED_DEVICE_FAMILY = "1,2";
			};
			name = Release;
		};
/* End XCBuildConfiguration section */

/* Begin XCConfigurationList section */
		B79074ED2BE2146700A44DC3 /* Build configuration list for PBXProject "PeerReviw04" */ = {
			isa = XCConfigurationList;
			buildConfigurations = (
				B79075092BE2146900A44DC3 /* Debug */,
				B790750A2BE2146900A44DC3 /* Release */,
			);
			defaultConfigurationIsVisible = 0;
			defaultConfigurationName = Release;
		};
		B790750B2BE2146900A44DC3 /* Build configuration list for PBXNativeTarget "PeerReviw04" */ = {
			isa = XCConfigurationList;
			buildConfigurations = (
				B790750C2BE2146900A44DC3 /* Debug */,
				B790750D2BE2146900A44DC3 /* Release */,
			);
			defaultConfigurationIsVisible = 0;
			defaultConfigurationName = Release;
		};
/* End XCConfigurationList section */
	};
	rootObject = B79074EA2BE2146700A44DC3 /* Project object */;
}
